{
  "name": "jquery-first-payment-table",
  "version": "0.1.0",
  "lockfileVersion": 1,
  "requires": true,
  "dependencies": {
    "@blossomfinance/bootstrap-theme": {
      "version": "0.18.0",
      "resolved": "https://registry.npmjs.org/@blossomfinance/bootstrap-theme/-/bootstrap-theme-0.18.0.tgz",
      "integrity": "sha512-QuDOdD3CcnPixUCPvrG1qfQ/xBNYo6cu/vYrDJnYyr1sYGsCaJoXIoa3F7xXNxRHGGgnzgYg1K/JJ17uV9ofdA==",
      "requires": {
        "@blossomfinance/svg-webfont-icons": "^1.2.1",
        "@fortawesome/fontawesome-free": "^5.13.0",
        "@popperjs/core": "^2.5.3",
        "bootstrap": "^4.4.1"
      }
    },
    "@blossomfinance/svg-webfont-icons": {
      "version": "1.2.1",
      "resolved": "https://registry.npmjs.org/@blossomfinance/svg-webfont-icons/-/svg-webfont-icons-1.2.1.tgz",
      "integrity": "sha512-swHJvZr+UEWY7QrmEnfu42fgd//mUs0cd85XWorA0tHtLU3oNgmXKxSEYjbebc8XAfi5ANIZOgW2d2jzKQYgIA=="
    },
    "@fortawesome/fontawesome-free": {
      "version": "5.15.3",
      "resolved": "https://registry.npmjs.org/@fortawesome/fontawesome-free/-/fontawesome-free-5.15.3.tgz",
      "integrity": "sha512-rFnSUN/QOtnOAgqFRooTA3H57JLDm0QEG/jPdk+tLQNL/eWd+Aok8g3qCI+Q1xuDPWpGW/i9JySpJVsq8Q0s9w=="
    },
    "@popperjs/core": {
      "version": "2.9.2",
      "resolved": "https://registry.npmjs.org/@popperjs/core/-/core-2.9.2.tgz",
      "integrity": "sha512-VZMYa7+fXHdwIq1TDhSXoVmSPEGM/aa+6Aiq3nVVJ9bXr24zScr+NlKFKC3iPljA7ho/GAZr+d2jOf5GIRC30Q=="
    },
    "bootstrap": {
      "version": "4.6.0",
      "resolved": "https://registry.npmjs.org/bootstrap/-/bootstrap-4.6.0.tgz",
      "integrity": "sha512-Io55IuQY3kydzHtbGvQya3H+KorS/M9rSNyfCGCg9WZ4pyT/lCxIlpJgG1GXW/PswzC84Tr2fBYi+7+jFVQQBw=="
    },
    "jquery": {
      "version": "3.6.0",
      "resolved": "https://registry.npmjs.org/jquery/-/jquery-3.6.0.tgz",
      "integrity": "sha512-JVzAR/AjBvVt2BmYhxRCSYysDsPcssdmTFnzyLEts9qNwmjmu4JTAMYubEfwVOSwpQ1I1sKKFcxhZCI2buerfw=="
    },
    "moment": {
      "version": "2.29.1",
      "resolved": "https://registry.npmjs.org/moment/-/moment-2.29.1.tgz",
      "integrity": "sha512-kHmoybcPV8Sqy59DwNDY3Jefr64lK/by/da0ViFcuA4DH0vQg5Q6Ze5VimxkfQNSC+Mls/Kx53s7TjP1RhFEDQ=="
    }
  }
}
